// !$*UTF8*$!
{
	archiveVersion = 1;
	classes = {
	};
	objectVersion = 56;
	objects = {

/* Begin PBXBuildFile section */
		7A4239F12C8B71BC00F34FC7 /* FitnessProjectApp.swift in Sources */ = {isa = PBXBuildFile; fileRef = 7A4239F02C8B71BC00F34FC7 /* FitnessProjectApp.swift */; };
		7A4239F32C8B71BC00F34FC7 /* ContentView.swift in Sources */ = {isa = PBXBuildFile; fileRef = 7A4239F22C8B71BC00F34FC7 /* ContentView.swift */; };
		7A4239F52C8B71BD00F34FC7 /* Assets.xcassets in Resources */ = {isa = PBXBuildFile; fileRef = 7A4239F42C8B71BD00F34FC7 /* Assets.xcassets */; };
		7A4239F82C8B71BD00F34FC7 /* Preview Assets.xcassets in Resources */ = {isa = PBXBuildFile; fileRef = 7A4239F72C8B71BD00F34FC7 /* Preview Assets.xcassets */; };
		7A423A002C8B766B00F34FC7 /* FirebaseAuth in Frameworks */ = {isa = PBXBuildFile; productRef = 7A4239FF2C8B766B00F34FC7 /* FirebaseAuth */; };
		7A423A022C8B766B00F34FC7 /* FirebaseFirestore in Frameworks */ = {isa = PBXBuildFile; productRef = 7A423A012C8B766B00F34FC7 /* FirebaseFirestore */; };
		7A423A042C8B77AD00F34FC7 /* GoogleService-Info.plist in Resources */ = {isa = PBXBuildFile; fileRef = 7A423A032C8B77AD00F34FC7 /* GoogleService-Info.plist */; };
		7AF20F722C8B7DA40057A100 /* TestView.swift in Sources */ = {isa = PBXBuildFile; fileRef = 7AF20F712C8B7DA40057A100 /* TestView.swift */; };
		7AF20F742C8B7DBB0057A100 /* Dog.swift in Sources */ = {isa = PBXBuildFile; fileRef = 7AF20F732C8B7DBB0057A100 /* Dog.swift */; };
		7AF20F782C8B7EF20057A100 /* DataManager.swift in Sources */ = {isa = PBXBuildFile; fileRef = 7AF20F772C8B7EF20057A100 /* DataManager.swift */; };
		7AF20F7F2C909B390057A100 /* User.swift in Sources */ = {isa = PBXBuildFile; fileRef = 7AF20F7E2C909B390057A100 /* User.swift */; };
		7AF20F832C909C2F0057A100 /* Routine.swift in Sources */ = {isa = PBXBuildFile; fileRef = 7AF20F822C909C2F0057A100 /* Routine.swift */; };
		7AF20F872C909CC00057A100 /* ExerciseSet.swift in Sources */ = {isa = PBXBuildFile; fileRef = 7AF20F862C909CC00057A100 /* ExerciseSet.swift */; };
		7AF20F892C909D140057A100 /* Stats.swift in Sources */ = {isa = PBXBuildFile; fileRef = 7AF20F882C909D140057A100 /* Stats.swift */; };
		7AF20F8B2C909F920057A100 /* Exercise.swift in Sources */ = {isa = PBXBuildFile; fileRef = 7AF20F8A2C909F920057A100 /* Exercise.swift */; };
		7AF20F8F2C90BC770057A100 /* WelcomeView.swift in Sources */ = {isa = PBXBuildFile; fileRef = 7AF20F8E2C90BC770057A100 /* WelcomeView.swift */; };
		7AF20F912C90C8EA0057A100 /* MainNavigationView.swift in Sources */ = {isa = PBXBuildFile; fileRef = 7AF20F902C90C8EA0057A100 /* MainNavigationView.swift */; };
		7AF20F932C90C9610057A100 /* RoutineListView.swift in Sources */ = {isa = PBXBuildFile; fileRef = 7AF20F922C90C9610057A100 /* RoutineListView.swift */; };
		7AF20F952C90C97A0057A100 /* ProfileView.swift in Sources */ = {isa = PBXBuildFile; fileRef = 7AF20F942C90C97A0057A100 /* ProfileView.swift */; };
		7AF20F972C90CAE70057A100 /* ProgressView.swift in Sources */ = {isa = PBXBuildFile; fileRef = 7AF20F962C90CAE70057A100 /* ProgressView.swift */; };
		7AF20F9E2C91F3EA0057A100 /* RoutineListCellView.swift in Sources */ = {isa = PBXBuildFile; fileRef = 7AF20F9D2C91F3EA0057A100 /* RoutineListCellView.swift */; };
		7AF20FA22C92137E0057A100 /* CreateRoutineView.swift in Sources */ = {isa = PBXBuildFile; fileRef = 7AF20FA12C92137E0057A100 /* CreateRoutineView.swift */; };
		7AF20FA52C9239AB0057A100 /* CreateRoutineViewModel.swift in Sources */ = {isa = PBXBuildFile; fileRef = 7AF20FA42C9239AB0057A100 /* CreateRoutineViewModel.swift */; };
/* End PBXBuildFile section */

/* Begin PBXFileReference section */
		7A4239ED2C8B71BC00F34FC7 /* FitnessProject.app */ = {isa = PBXFileReference; explicitFileType = wrapper.application; includeInIndex = 0; path = FitnessProject.app; sourceTree = BUILT_PRODUCTS_DIR; };
		7A4239F02C8B71BC00F34FC7 /* FitnessProjectApp.swift */ = {isa = PBXFileReference; lastKnownFileType = sourcecode.swift; path = FitnessProjectApp.swift; sourceTree = "<group>"; };
		7A4239F22C8B71BC00F34FC7 /* ContentView.swift */ = {isa = PBXFileReference; lastKnownFileType = sourcecode.swift; path = ContentView.swift; sourceTree = "<group>"; };
		7A4239F42C8B71BD00F34FC7 /* Assets.xcassets */ = {isa = PBXFileReference; lastKnownFileType = folder.assetcatalog; path = Assets.xcassets; sourceTree = "<group>"; };
		7A4239F72C8B71BD00F34FC7 /* Preview Assets.xcassets */ = {isa = PBXFileReference; lastKnownFileType = folder.assetcatalog; path = "Preview Assets.xcassets"; sourceTree = "<group>"; };
		7A423A032C8B77AD00F34FC7 /* GoogleService-Info.plist */ = {isa = PBXFileReference; fileEncoding = 4; lastKnownFileType = text.plist.xml; name = "GoogleService-Info.plist"; path = "../../../../Downloads/GoogleService-Info.plist"; sourceTree = "<group>"; };
		7AF20F712C8B7DA40057A100 /* TestView.swift */ = {isa = PBXFileReference; lastKnownFileType = sourcecode.swift; path = TestView.swift; sourceTree = "<group>"; };
		7AF20F732C8B7DBB0057A100 /* Dog.swift */ = {isa = PBXFileReference; lastKnownFileType = sourcecode.swift; path = Dog.swift; sourceTree = "<group>"; };
		7AF20F772C8B7EF20057A100 /* DataManager.swift */ = {isa = PBXFileReference; lastKnownFileType = sourcecode.swift; name = DataManager.swift; path = FitnessProject/DataManager/DataManager.swift; sourceTree = SOURCE_ROOT; };
		7AF20F7E2C909B390057A100 /* User.swift */ = {isa = PBXFileReference; lastKnownFileType = sourcecode.swift; path = User.swift; sourceTree = "<group>"; };
		7AF20F822C909C2F0057A100 /* Routine.swift */ = {isa = PBXFileReference; lastKnownFileType = sourcecode.swift; path = Routine.swift; sourceTree = "<group>"; };
		7AF20F862C909CC00057A100 /* ExerciseSet.swift */ = {isa = PBXFileReference; lastKnownFileType = sourcecode.swift; path = ExerciseSet.swift; sourceTree = "<group>"; };
		7AF20F882C909D140057A100 /* Stats.swift */ = {isa = PBXFileReference; lastKnownFileType = sourcecode.swift; path = Stats.swift; sourceTree = "<group>"; };
		7AF20F8A2C909F920057A100 /* Exercise.swift */ = {isa = PBXFileReference; lastKnownFileType = sourcecode.swift; path = Exercise.swift; sourceTree = "<group>"; };
		7AF20F8E2C90BC770057A100 /* WelcomeView.swift */ = {isa = PBXFileReference; lastKnownFileType = sourcecode.swift; path = WelcomeView.swift; sourceTree = "<group>"; };
		7AF20F902C90C8EA0057A100 /* MainNavigationView.swift */ = {isa = PBXFileReference; lastKnownFileType = sourcecode.swift; path = MainNavigationView.swift; sourceTree = "<group>"; };
		7AF20F922C90C9610057A100 /* RoutineListView.swift */ = {isa = PBXFileReference; lastKnownFileType = sourcecode.swift; path = RoutineListView.swift; sourceTree = "<group>"; };
		7AF20F942C90C97A0057A100 /* ProfileView.swift */ = {isa = PBXFileReference; lastKnownFileType = sourcecode.swift; path = ProfileView.swift; sourceTree = "<group>"; };
		7AF20F962C90CAE70057A100 /* ProgressView.swift */ = {isa = PBXFileReference; lastKnownFileType = sourcecode.swift; path = ProgressView.swift; sourceTree = "<group>"; };
		7AF20F9D2C91F3EA0057A100 /* RoutineListCellView.swift */ = {isa = PBXFileReference; lastKnownFileType = sourcecode.swift; path = RoutineListCellView.swift; sourceTree = "<group>"; };
		7AF20FA12C92137E0057A100 /* CreateRoutineView.swift */ = {isa = PBXFileReference; lastKnownFileType = sourcecode.swift; path = CreateRoutineView.swift; sourceTree = "<group>"; };
		7AF20FA42C9239AB0057A100 /* CreateRoutineViewModel.swift */ = {isa = PBXFileReference; lastKnownFileType = sourcecode.swift; path = CreateRoutineViewModel.swift; sourceTree = "<group>"; };
/* End PBXFileReference section */

/* Begin PBXFrameworksBuildPhase section */
		7A4239EA2C8B71BC00F34FC7 /* Frameworks */ = {
			isa = PBXFrameworksBuildPhase;
			buildActionMask = 2147483647;
			files = (
				7A423A002C8B766B00F34FC7 /* FirebaseAuth in Frameworks */,
				7A423A022C8B766B00F34FC7 /* FirebaseFirestore in Frameworks */,
			);
			runOnlyForDeploymentPostprocessing = 0;
		};
/* End PBXFrameworksBuildPhase section */

/* Begin PBXGroup section */
		7A4239E42C8B71BC00F34FC7 = {
			isa = PBXGroup;
			children = (
				7A4239EF2C8B71BC00F34FC7 /* FitnessProject */,
				7A4239EE2C8B71BC00F34FC7 /* Products */,
				7AF20F792C8F4AD30057A100 /* Frameworks */,
			);
			sourceTree = "<group>";
		};
		7A4239EE2C8B71BC00F34FC7 /* Products */ = {
			isa = PBXGroup;
			children = (
				7A4239ED2C8B71BC00F34FC7 /* FitnessProject.app */,
			);
			name = Products;
			sourceTree = "<group>";
		};
		7A4239EF2C8B71BC00F34FC7 /* FitnessProject */ = {
			isa = PBXGroup;
			children = (
				7AF20F8D2C90B9BF0057A100 /* Views */,
				7AF20F8C2C90B91F0057A100 /* DataManager */,
				7AF20F7D2C909B0E0057A100 /* DataModels */,
				7AF20F7C2C909AD60057A100 /* TestGroup */,
				7A4239F02C8B71BC00F34FC7 /* FitnessProjectApp.swift */,
				7A4239F42C8B71BD00F34FC7 /* Assets.xcassets */,
				7A423A032C8B77AD00F34FC7 /* GoogleService-Info.plist */,
				7A4239F62C8B71BD00F34FC7 /* Preview Content */,
			);
			path = FitnessProject;
			sourceTree = "<group>";
		};
		7A4239F62C8B71BD00F34FC7 /* Preview Content */ = {
			isa = PBXGroup;
			children = (
				7A4239F72C8B71BD00F34FC7 /* Preview Assets.xcassets */,
			);
			path = "Preview Content";
			sourceTree = "<group>";
		};
		7AF20F792C8F4AD30057A100 /* Frameworks */ = {
			isa = PBXGroup;
			children = (
			);
			name = Frameworks;
			sourceTree = "<group>";
		};
		7AF20F7C2C909AD60057A100 /* TestGroup */ = {
			isa = PBXGroup;
			children = (
				7A4239F22C8B71BC00F34FC7 /* ContentView.swift */,
				7AF20F732C8B7DBB0057A100 /* Dog.swift */,
				7AF20F712C8B7DA40057A100 /* TestView.swift */,
			);
			path = TestGroup;
			sourceTree = "<group>";
		};
		7AF20F7D2C909B0E0057A100 /* DataModels */ = {
			isa = PBXGroup;
			children = (
				7AF20F7E2C909B390057A100 /* User.swift */,
				7AF20F822C909C2F0057A100 /* Routine.swift */,
				7AF20F862C909CC00057A100 /* ExerciseSet.swift */,
				7AF20F8A2C909F920057A100 /* Exercise.swift */,
				7AF20F882C909D140057A100 /* Stats.swift */,
			);
			path = DataModels;
			sourceTree = "<group>";
		};
		7AF20F8C2C90B91F0057A100 /* DataManager */ = {
			isa = PBXGroup;
			children = (
				7AF20F772C8B7EF20057A100 /* DataManager.swift */,
			);
			path = DataManager;
			sourceTree = "<group>";
		};
		7AF20F8D2C90B9BF0057A100 /* Views */ = {
			isa = PBXGroup;
			children = (
				7AF20F8E2C90BC770057A100 /* WelcomeView.swift */,
				7AF20F902C90C8EA0057A100 /* MainNavigationView.swift */,
				7AF20F9A2C90E7C40057A100 /* RoutineListView */,
				7AF20F982C90E7A20057A100 /* ProgressView */,
				7AF20F992C90E7B00057A100 /* ProfileView */,
			);
			path = Views;
			sourceTree = "<group>";
		};
		7AF20F982C90E7A20057A100 /* ProgressView */ = {
			isa = PBXGroup;
			children = (
				7AF20F962C90CAE70057A100 /* ProgressView.swift */,
			);
			path = ProgressView;
			sourceTree = "<group>";
		};
		7AF20F992C90E7B00057A100 /* ProfileView */ = {
			isa = PBXGroup;
			children = (
				7AF20F942C90C97A0057A100 /* ProfileView.swift */,
			);
			path = ProfileView;
			sourceTree = "<group>";
		};
		7AF20F9A2C90E7C40057A100 /* RoutineListView */ = {
			isa = PBXGroup;
			children = (
				7AF20F922C90C9610057A100 /* RoutineListView.swift */,
				7AF20F9D2C91F3EA0057A100 /* RoutineListCellView.swift */,
				7AF20FA32C9239910057A100 /* CreateRoutineView */,
			);
			path = RoutineListView;
			sourceTree = "<group>";
		};
		7AF20FA32C9239910057A100 /* CreateRoutineView */ = {
			isa = PBXGroup;
			children = (
				7AF20FA12C92137E0057A100 /* CreateRoutineView.swift */,
				7AF20FA42C9239AB0057A100 /* CreateRoutineViewModel.swift */,
			);
			path = CreateRoutineView;
			sourceTree = "<group>";
		};
/* End PBXGroup section */

/* Begin PBXNativeTarget section */
		7A4239EC2C8B71BC00F34FC7 /* FitnessProject */ = {
			isa = PBXNativeTarget;
			buildConfigurationList = 7A4239FB2C8B71BD00F34FC7 /* Build configuration list for PBXNativeTarget "FitnessProject" */;
			buildPhases = (
				7A4239E92C8B71BC00F34FC7 /* Sources */,
				7A4239EA2C8B71BC00F34FC7 /* Frameworks */,
				7A4239EB2C8B71BC00F34FC7 /* Resources */,
			);
			buildRules = (
			);
			dependencies = (
			);
			name = FitnessProject;
			packageProductDependencies = (
				7A4239FF2C8B766B00F34FC7 /* FirebaseAuth */,
				7A423A012C8B766B00F34FC7 /* FirebaseFirestore */,
			);
			productName = FitnessProject;
			productReference = 7A4239ED2C8B71BC00F34FC7 /* FitnessProject.app */;
			productType = "com.apple.product-type.application";
		};
/* End PBXNativeTarget section */

/* Begin PBXProject section */
		7A4239E52C8B71BC00F34FC7 /* Project object */ = {
			isa = PBXProject;
			attributes = {
				BuildIndependentTargetsInParallel = 1;
				LastSwiftUpdateCheck = 1530;
				LastUpgradeCheck = 1530;
				TargetAttributes = {
					7A4239EC2C8B71BC00F34FC7 = {
						CreatedOnToolsVersion = 15.3;
					};
				};
			};
			buildConfigurationList = 7A4239E82C8B71BC00F34FC7 /* Build configuration list for PBXProject "FitnessProject" */;
			compatibilityVersion = "Xcode 14.0";
			developmentRegion = en;
			hasScannedForEncodings = 0;
			knownRegions = (
				en,
				Base,
			);
			mainGroup = 7A4239E42C8B71BC00F34FC7;
			packageReferences = (
				7A4239FE2C8B766B00F34FC7 /* XCRemoteSwiftPackageReference "firebase-ios-sdk" */,
			);
			productRefGroup = 7A4239EE2C8B71BC00F34FC7 /* Products */;
			projectDirPath = "";
			projectRoot = "";
			targets = (
				7A4239EC2C8B71BC00F34FC7 /* FitnessProject */,
			);
		};
/* End PBXProject section */

/* Begin PBXResourcesBuildPhase section */
		7A4239EB2C8B71BC00F34FC7 /* Resources */ = {
			isa = PBXResourcesBuildPhase;
			buildActionMask = 2147483647;
			files = (
				7A4239F82C8B71BD00F34FC7 /* Preview Assets.xcassets in Resources */,
				7A4239F52C8B71BD00F34FC7 /* Assets.xcassets in Resources */,
				7A423A042C8B77AD00F34FC7 /* GoogleService-Info.plist in Resources */,
			);
			runOnlyForDeploymentPostprocessing = 0;
		};
/* End PBXResourcesBuildPhase section */

/* Begin PBXSourcesBuildPhase section */
		7A4239E92C8B71BC00F34FC7 /* Sources */ = {
			isa = PBXSourcesBuildPhase;
			buildActionMask = 2147483647;
			files = (
				7AF20FA22C92137E0057A100 /* CreateRoutineView.swift in Sources */,
				7AF20F722C8B7DA40057A100 /* TestView.swift in Sources */,
				7AF20F9E2C91F3EA0057A100 /* RoutineListCellView.swift in Sources */,
				7AF20F892C909D140057A100 /* Stats.swift in Sources */,
				7AF20F972C90CAE70057A100 /* ProgressView.swift in Sources */,
				7AF20F832C909C2F0057A100 /* Routine.swift in Sources */,
				7AF20F782C8B7EF20057A100 /* DataManager.swift in Sources */,
				7AF20F932C90C9610057A100 /* RoutineListView.swift in Sources */,
				7AF20F872C909CC00057A100 /* ExerciseSet.swift in Sources */,
				7AF20F8B2C909F920057A100 /* Exercise.swift in Sources */,
				7AF20F8F2C90BC770057A100 /* WelcomeView.swift in Sources */,
				7AF20FA52C9239AB0057A100 /* CreateRoutineViewModel.swift in Sources */,
				7AF20F912C90C8EA0057A100 /* MainNavigationView.swift in Sources */,
				7AF20F7F2C909B390057A100 /* User.swift in Sources */,
				7A4239F32C8B71BC00F34FC7 /* ContentView.swift in Sources */,
				7AF20F742C8B7DBB0057A100 /* Dog.swift in Sources */,
				7AF20F952C90C97A0057A100 /* ProfileView.swift in Sources */,
				7A4239F12C8B71BC00F34FC7 /* FitnessProjectApp.swift in Sources */,
			);
			runOnlyForDeploymentPostprocessing = 0;
		};
/* End PBXSourcesBuildPhase section */

/* Begin XCBuildConfiguration section */
		7A4239F92C8B71BD00F34FC7 /* Debug */ = {
			isa = XCBuildConfiguration;
			buildSettings = {
				ALWAYS_SEARCH_USER_PATHS = NO;
				ASSETCATALOG_COMPILER_GENERATE_SWIFT_ASSET_SYMBOL_EXTENSIONS = YES;
				CLANG_ANALYZER_NONNULL = YES;
				CLANG_ANALYZER_NUMBER_OBJECT_CONVERSION = YES_AGGRESSIVE;
				CLANG_CXX_LANGUAGE_STANDARD = "gnu++20";
				CLANG_ENABLE_MODULES = YES;
				CLANG_ENABLE_OBJC_ARC = YES;
				CLANG_ENABLE_OBJC_WEAK = YES;
				CLANG_WARN_BLOCK_CAPTURE_AUTORELEASING = YES;
				CLANG_WARN_BOOL_CONVERSION = YES;
				CLANG_WARN_COMMA = YES;
				CLANG_WARN_CONSTANT_CONVERSION = YES;
				CLANG_WARN_DEPRECATED_OBJC_IMPLEMENTATIONS = YES;
				CLANG_WARN_DIRECT_OBJC_ISA_USAGE = YES_ERROR;
				CLANG_WARN_DOCUMENTATION_COMMENTS = YES;
				CLANG_WARN_EMPTY_BODY = YES;
				CLANG_WARN_ENUM_CONVERSION = YES;
				CLANG_WARN_INFINITE_RECURSION = YES;
				CLANG_WARN_INT_CONVERSION = YES;
				CLANG_WARN_NON_LITERAL_NULL_CONVERSION = YES;
				CLANG_WARN_OBJC_IMPLICIT_RETAIN_SELF = YES;
				CLANG_WARN_OBJC_LITERAL_CONVERSION = YES;
				CLANG_WARN_OBJC_ROOT_CLASS = YES_ERROR;
				CLANG_WARN_QUOTED_INCLUDE_IN_FRAMEWORK_HEADER = YES;
				CLANG_WARN_RANGE_LOOP_ANALYSIS = YES;
				CLANG_WARN_STRICT_PROTOTYPES = YES;
				CLANG_WARN_SUSPICIOUS_MOVE = YES;
				CLANG_WARN_UNGUARDED_AVAILABILITY = YES_AGGRESSIVE;
				CLANG_WARN_UNREACHABLE_CODE = YES;
				CLANG_WARN__DUPLICATE_METHOD_MATCH = YES;
				COPY_PHASE_STRIP = NO;
				DEBUG_INFORMATION_FORMAT = dwarf;
				ENABLE_STRICT_OBJC_MSGSEND = YES;
				ENABLE_TESTABILITY = YES;
				ENABLE_USER_SCRIPT_SANDBOXING = YES;
				GCC_C_LANGUAGE_STANDARD = gnu17;
				GCC_DYNAMIC_NO_PIC = NO;
				GCC_NO_COMMON_BLOCKS = YES;
				GCC_OPTIMIZATION_LEVEL = 0;
				GCC_PREPROCESSOR_DEFINITIONS = (
					"DEBUG=1",
					"$(inherited)",
				);
				GCC_WARN_64_TO_32_BIT_CONVERSION = YES;
				GCC_WARN_ABOUT_RETURN_TYPE = YES_ERROR;
				GCC_WARN_UNDECLARED_SELECTOR = YES;
				GCC_WARN_UNINITIALIZED_AUTOS = YES_AGGRESSIVE;
				GCC_WARN_UNUSED_FUNCTION = YES;
				GCC_WARN_UNUSED_VARIABLE = YES;
				IPHONEOS_DEPLOYMENT_TARGET = 17.4;
				LOCALIZATION_PREFERS_STRING_CATALOGS = YES;
				MTL_ENABLE_DEBUG_INFO = INCLUDE_SOURCE;
				MTL_FAST_MATH = YES;
				ONLY_ACTIVE_ARCH = YES;
				SDKROOT = iphoneos;
				SWIFT_ACTIVE_COMPILATION_CONDITIONS = "DEBUG $(inherited)";
				SWIFT_OPTIMIZATION_LEVEL = "-Onone";
			};
			name = Debug;
		};
		7A4239FA2C8B71BD00F34FC7 /* Release */ = {
			isa = XCBuildConfiguration;
			buildSettings = {
				ALWAYS_SEARCH_USER_PATHS = NO;
				ASSETCATALOG_COMPILER_GENERATE_SWIFT_ASSET_SYMBOL_EXTENSIONS = YES;
				CLANG_ANALYZER_NONNULL = YES;
				CLANG_ANALYZER_NUMBER_OBJECT_CONVERSION = YES_AGGRESSIVE;
				CLANG_CXX_LANGUAGE_STANDARD = "gnu++20";
				CLANG_ENABLE_MODULES = YES;
				CLANG_ENABLE_OBJC_ARC = YES;
				CLANG_ENABLE_OBJC_WEAK = YES;
				CLANG_WARN_BLOCK_CAPTURE_AUTORELEASING = YES;
				CLANG_WARN_BOOL_CONVERSION = YES;
				CLANG_WARN_COMMA = YES;
				CLANG_WARN_CONSTANT_CONVERSION = YES;
				CLANG_WARN_DEPRECATED_OBJC_IMPLEMENTATIONS = YES;
				CLANG_WARN_DIRECT_OBJC_ISA_USAGE = YES_ERROR;
				CLANG_WARN_DOCUMENTATION_COMMENTS = YES;
				CLANG_WARN_EMPTY_BODY = YES;
				CLANG_WARN_ENUM_CONVERSION = YES;
				CLANG_WARN_INFINITE_RECURSION = YES;
				CLANG_WARN_INT_CONVERSION = YES;
				CLANG_WARN_NON_LITERAL_NULL_CONVERSION = YES;
				CLANG_WARN_OBJC_IMPLICIT_RETAIN_SELF = YES;
				CLANG_WARN_OBJC_LITERAL_CONVERSION = YES;
				CLANG_WARN_OBJC_ROOT_CLASS = YES_ERROR;
				CLANG_WARN_QUOTED_INCLUDE_IN_FRAMEWORK_HEADER = YES;
				CLANG_WARN_RANGE_LOOP_ANALYSIS = YES;
				CLANG_WARN_STRICT_PROTOTYPES = YES;
				CLANG_WARN_SUSPICIOUS_MOVE = YES;
				CLANG_WARN_UNGUARDED_AVAILABILITY = YES_AGGRESSIVE;
				CLANG_WARN_UNREACHABLE_CODE = YES;
				CLANG_WARN__DUPLICATE_METHOD_MATCH = YES;
				COPY_PHASE_STRIP = NO;
				DEBUG_INFORMATION_FORMAT = "dwarf-with-dsym";
				ENABLE_NS_ASSERTIONS = NO;
				ENABLE_STRICT_OBJC_MSGSEND = YES;
				ENABLE_USER_SCRIPT_SANDBOXING = YES;
				GCC_C_LANGUAGE_STANDARD = gnu17;
				GCC_NO_COMMON_BLOCKS = YES;
				GCC_WARN_64_TO_32_BIT_CONVERSION = YES;
				GCC_WARN_ABOUT_RETURN_TYPE = YES_ERROR;
				GCC_WARN_UNDECLARED_SELECTOR = YES;
				GCC_WARN_UNINITIALIZED_AUTOS = YES_AGGRESSIVE;
				GCC_WARN_UNUSED_FUNCTION = YES;
				GCC_WARN_UNUSED_VARIABLE = YES;
				IPHONEOS_DEPLOYMENT_TARGET = 17.4;
				LOCALIZATION_PREFERS_STRING_CATALOGS = YES;
				MTL_ENABLE_DEBUG_INFO = NO;
				MTL_FAST_MATH = YES;
				SDKROOT = iphoneos;
				SWIFT_COMPILATION_MODE = wholemodule;
				VALIDATE_PRODUCT = YES;
			};
			name = Release;
		};
		7A4239FC2C8B71BD00F34FC7 /* Debug */ = {
			isa = XCBuildConfiguration;
			buildSettings = {
				ASSETCATALOG_COMPILER_APPICON_NAME = AppIcon;
				ASSETCATALOG_COMPILER_GLOBAL_ACCENT_COLOR_NAME = AccentColor;
				CODE_SIGN_STYLE = Automatic;
				CURRENT_PROJECT_VERSION = 1;
				DEVELOPMENT_ASSET_PATHS = "\"FitnessProject/Preview Content\"";
				DEVELOPMENT_TEAM = 597T4599W4;
				ENABLE_PREVIEWS = YES;
				GENERATE_INFOPLIST_FILE = YES;
				INFOPLIST_KEY_UIApplicationSceneManifest_Generation = YES;
				INFOPLIST_KEY_UIApplicationSupportsIndirectInputEvents = YES;
				INFOPLIST_KEY_UILaunchScreen_Generation = YES;
				INFOPLIST_KEY_UISupportedInterfaceOrientations_iPad = "UIInterfaceOrientationPortrait UIInterfaceOrientationPortraitUpsideDown UIInterfaceOrientationLandscapeLeft UIInterfaceOrientationLandscapeRight";
				INFOPLIST_KEY_UISupportedInterfaceOrientations_iPhone = "UIInterfaceOrientationPortrait UIInterfaceOrientationLandscapeLeft UIInterfaceOrientationLandscapeRight";
				LD_RUNPATH_SEARCH_PATHS = (
					"$(inherited)",
					"@executable_path/Frameworks",
				);
				MARKETING_VERSION = 1.0;
				PRODUCT_BUNDLE_IDENTIFIER = jkenji.FitnessProject;
				PRODUCT_NAME = "$(TARGET_NAME)";
				SWIFT_EMIT_LOC_STRINGS = YES;
				SWIFT_VERSION = 5.0;
				TARGETED_DEVICE_FAMILY = "1,2";
			};
			name = Debug;
		};
		7A4239FD2C8B71BD00F34FC7 /* Release */ = {
			isa = XCBuildConfiguration;
			buildSettings = {
				ASSETCATALOG_COMPILER_APPICON_NAME = AppIcon;
				ASSETCATALOG_COMPILER_GLOBAL_ACCENT_COLOR_NAME = AccentColor;
				CODE_SIGN_STYLE = Automatic;
				CURRENT_PROJECT_VERSION = 1;
				DEVELOPMENT_ASSET_PATHS = "\"FitnessProject/Preview Content\"";
				DEVELOPMENT_TEAM = 597T4599W4;
				ENABLE_PREVIEWS = YES;
				GENERATE_INFOPLIST_FILE = YES;
				INFOPLIST_KEY_UIApplicationSceneManifest_Generation = YES;
				INFOPLIST_KEY_UIApplicationSupportsIndirectInputEvents = YES;
				INFOPLIST_KEY_UILaunchScreen_Generation = YES;
				INFOPLIST_KEY_UISupportedInterfaceOrientations_iPad = "UIInterfaceOrientationPortrait UIInterfaceOrientationPortraitUpsideDown UIInterfaceOrientationLandscapeLeft UIInterfaceOrientationLandscapeRight";
				INFOPLIST_KEY_UISupportedInterfaceOrientations_iPhone = "UIInterfaceOrientationPortrait UIInterfaceOrientationLandscapeLeft UIInterfaceOrientationLandscapeRight";
				LD_RUNPATH_SEARCH_PATHS = (
					"$(inherited)",
					"@executable_path/Frameworks",
				);
				MARKETING_VERSION = 1.0;
				PRODUCT_BUNDLE_IDENTIFIER = jkenji.FitnessProject;
				PRODUCT_NAME = "$(TARGET_NAME)";
				SWIFT_EMIT_LOC_STRINGS = YES;
				SWIFT_VERSION = 5.0;
				TARGETED_DEVICE_FAMILY = "1,2";
			};
			name = Release;
		};
/* End XCBuildConfiguration section */

/* Begin XCConfigurationList section */
		7A4239E82C8B71BC00F34FC7 /* Build configuration list for PBXProject "FitnessProject" */ = {
			isa = XCConfigurationList;
			buildConfigurations = (
				7A4239F92C8B71BD00F34FC7 /* Debug */,
				7A4239FA2C8B71BD00F34FC7 /* Release */,
			);
			defaultConfigurationIsVisible = 0;
			defaultConfigurationName = Release;
		};
		7A4239FB2C8B71BD00F34FC7 /* Build configuration list for PBXNativeTarget "FitnessProject" */ = {
			isa = XCConfigurationList;
			buildConfigurations = (
				7A4239FC2C8B71BD00F34FC7 /* Debug */,
				7A4239FD2C8B71BD00F34FC7 /* Release */,
			);
			defaultConfigurationIsVisible = 0;
			defaultConfigurationName = Release;
		};
/* End XCConfigurationList section */

/* Begin XCRemoteSwiftPackageReference section */
		7A4239FE2C8B766B00F34FC7 /* XCRemoteSwiftPackageReference "firebase-ios-sdk" */ = {
			isa = XCRemoteSwiftPackageReference;
			repositoryURL = "https://github.com/firebase/firebase-ios-sdk.git";
			requirement = {
				kind = upToNextMajorVersion;
				minimumVersion = 11.1.0;
			};
		};
/* End XCRemoteSwiftPackageReference section */

/* Begin XCSwiftPackageProductDependency section */
		7A4239FF2C8B766B00F34FC7 /* FirebaseAuth */ = {
			isa = XCSwiftPackageProductDependency;
			package = 7A4239FE2C8B766B00F34FC7 /* XCRemoteSwiftPackageReference "firebase-ios-sdk" */;
			productName = FirebaseAuth;
		};
		7A423A012C8B766B00F34FC7 /* FirebaseFirestore */ = {
			isa = XCSwiftPackageProductDependency;
			package = 7A4239FE2C8B766B00F34FC7 /* XCRemoteSwiftPackageReference "firebase-ios-sdk" */;
			productName = FirebaseFirestore;
		};
/* End XCSwiftPackageProductDependency section */
	};
	rootObject = 7A4239E52C8B71BC00F34FC7 /* Project object */;
}
